{
  "requires": true,
  "lockfileVersion": 1,
  "dependencies": {
    "wink-eng-lite-model": {
      "version": "https://github.com/winkjs/wink-eng-lite-model/releases/download/0.1.0/wink-eng-lite-model-0.1.0.tgz",
      "integrity": "sha512-RghKHWymkxoTWgw8sEvUI2IuV24pgSeUGy+/8fWsx0mOMKjVfCzjt9sPv+JsRmmKJnh4zfWHpMA/+rdCMxYSiA=="
    },
    "wink-nlp": {
      "version": "0.1.0",
      "resolved": "https://registry.npmjs.org/wink-nlp/-/wink-nlp-0.1.0.tgz",
      "integrity": "sha512-SfbvseV+j8XLB/8e3V8wmIhgts4cmkYtERJbZeWCMhsEzSl30KC9A7NSYb3QdVhF4alc5V3JIjsdPfm7kDF2Zw=="
    }
  }
}
